
Microsoft Visual Studio Solution File, Format Version 12.00
# Visual Studio Version 17
VisualStudioVersion = 17.2.32616.157
MinimumVisualStudioVersion = 10.0.40219.1
Project("{FAE04EC0-301F-11D3-BF4B-00C04F79EFBC}") = "SquadManager", "SquadManager\SquadManager.csproj", "{54606094-8F0C-4389-ADAA-5B694B8CA5D2}"
EndProject
Global
	GlobalSection(SolutionConfigurationPlatforms) = preSolution
		Debug|Any CPU = Debug|Any CPU
		Release|Any CPU = Release|Any CPU
	EndGlobalSection
	GlobalSection(ProjectConfigurationPlatforms) = postSolution
		{54606094-8F0C-4389-ADAA-5B694B8CA5D2}.Debug|Any CPU.ActiveCfg = Debug|Any CPU
		{54606094-8F0C-4389-ADAA-5B694B8CA5D2}.Debug|Any CPU.Build.0 = Debug|Any CPU
		{54606094-8F0C-4389-ADAA-5B694B8CA5D2}.Release|Any CPU.ActiveCfg = Release|Any CPU
		{54606094-8F0C-4389-ADAA-5B694B8CA5D2}.Release|Any CPU.Build.0 = Release|Any CPU
	EndGlobalSection
	GlobalSection(SolutionProperties) = preSolution
		HideSolutionNode = FALSE
	EndGlobalSection
	GlobalSection(ExtensibilityGlobals) = postSolution
		SolutionGuid = {2E8F133B-0260-4715-9A96-5ADC0FF0C1C1}
	EndGlobalSection
EndGlobal
